
Microsoft Visual Studio Solution File, Format Version 12.00
# Visual Studio Version 16
VisualStudioVersion = 16.0.31129.286
MinimumVisualStudioVersion = 10.0.40219.1
Project("{FAE04EC0-301F-11D3-BF4B-00C04F79EFBC}") = "FullStackWithFlutter", "FullStackWithFlutter\FullStackWithFlutter.csproj", "{7F63E79A-BFC2-4A47-AB9A-0739809FD3D5}"
EndProject
Project("{FAE04EC0-301F-11D3-BF4B-00C04F79EFBC}") = "FullStackWithFlutter.Core", "FullStackWithFlutter.Core\FullStackWithFlutter.Core.csproj", "{0C432A5B-6C06-4748-85D2-DB52FF12EDBB}"
EndProject
Project("{FAE04EC0-301F-11D3-BF4B-00C04F79EFBC}") = "FullStackWithFlutter.Infrastructure", "FullStackWithFlutter.Infrastructure\FullStackWithFlutter.Infrastructure.csproj", "{DCAB406D-CDEE-4DCD-95A1-F5DF3406EED5}"
EndProject
Global
	GlobalSection(SolutionConfigurationPlatforms) = preSolution
		Debug|Any CPU = Debug|Any CPU
		Release|Any CPU = Release|Any CPU
	EndGlobalSection
	GlobalSection(ProjectConfigurationPlatforms) = postSolution
		{7F63E79A-BFC2-4A47-AB9A-0739809FD3D5}.Debug|Any CPU.ActiveCfg = Debug|Any CPU
		{7F63E79A-BFC2-4A47-AB9A-0739809FD3D5}.Debug|Any CPU.Build.0 = Debug|Any CPU
		{7F63E79A-BFC2-4A47-AB9A-0739809FD3D5}.Release|Any CPU.ActiveCfg = Release|Any CPU
		{7F63E79A-BFC2-4A47-AB9A-0739809FD3D5}.Release|Any CPU.Build.0 = Release|Any CPU
		{0C432A5B-6C06-4748-85D2-DB52FF12EDBB}.Debug|Any CPU.ActiveCfg = Debug|Any CPU
		{0C432A5B-6C06-4748-85D2-DB52FF12EDBB}.Debug|Any CPU.Build.0 = Debug|Any CPU
		{0C432A5B-6C06-4748-85D2-DB52FF12EDBB}.Release|Any CPU.ActiveCfg = Release|Any CPU
		{0C432A5B-6C06-4748-85D2-DB52FF12EDBB}.Release|Any CPU.Build.0 = Release|Any CPU
		{DCAB406D-CDEE-4DCD-95A1-F5DF3406EED5}.Debug|Any CPU.ActiveCfg = Debug|Any CPU
		{DCAB406D-CDEE-4DCD-95A1-F5DF3406EED5}.Debug|Any CPU.Build.0 = Debug|Any CPU
		{DCAB406D-CDEE-4DCD-95A1-F5DF3406EED5}.Release|Any CPU.ActiveCfg = Release|Any CPU
		{DCAB406D-CDEE-4DCD-95A1-F5DF3406EED5}.Release|Any CPU.Build.0 = Release|Any CPU
	EndGlobalSection
	GlobalSection(SolutionProperties) = preSolution
		HideSolutionNode = FALSE
	EndGlobalSection
	GlobalSection(ExtensibilityGlobals) = postSolution
		SolutionGuid = {73A4BCDE-4AEB-43F0-9A94-DB32A9041370}
	EndGlobalSection
EndGlobal
